
Microsoft Visual Studio Solution File, Format Version 12.00
# Visual Studio 2012
Project("{FAE04EC0-301F-11D3-BF4B-00C04F79EFBC}") = "RC.Xamarin.iOS.Subscription.Demo", "RC.Xamarin.iOS.Subscription.Demo\RC.Xamarin.iOS.Subscription.Demo.csproj", "{81446BBD-8C19-4BD9-B13B-5ACDF0FFF2FA}"
EndProject
Global
	GlobalSection(SolutionConfigurationPlatforms) = preSolution
		Debug|iPhoneSimulator = Debug|iPhoneSimulator
		Release|iPhone = Release|iPhone
		Release|iPhoneSimulator = Release|iPhoneSimulator
		Debug|iPhone = Debug|iPhone
	EndGlobalSection
	GlobalSection(ProjectConfigurationPlatforms) = postSolution
		{81446BBD-8C19-4BD9-B13B-5ACDF0FFF2FA}.Debug|iPhone.ActiveCfg = Debug|iPhone
		{81446BBD-8C19-4BD9-B13B-5ACDF0FFF2FA}.Debug|iPhone.Build.0 = Debug|iPhone
		{81446BBD-8C19-4BD9-B13B-5ACDF0FFF2FA}.Debug|iPhoneSimulator.ActiveCfg = Debug|iPhoneSimulator
		{81446BBD-8C19-4BD9-B13B-5ACDF0FFF2FA}.Debug|iPhoneSimulator.Build.0 = Debug|iPhoneSimulator
		{81446BBD-8C19-4BD9-B13B-5ACDF0FFF2FA}.Release|iPhone.ActiveCfg = Release|iPhone
		{81446BBD-8C19-4BD9-B13B-5ACDF0FFF2FA}.Release|iPhone.Build.0 = Release|iPhone
		{81446BBD-8C19-4BD9-B13B-5ACDF0FFF2FA}.Release|iPhoneSimulator.ActiveCfg = Release|iPhoneSimulator
		{81446BBD-8C19-4BD9-B13B-5ACDF0FFF2FA}.Release|iPhoneSimulator.Build.0 = Release|iPhoneSimulator
	EndGlobalSection
EndGlobal
